
Microsoft Visual Studio Solution File, Format Version 11.00
# Visual Studio 2010
Project("{FAE04EC0-301F-11D3-BF4B-00C04F79EFBC}") = "VuforiaScripts", "VuforiaScripts.csproj", "{AC4FC679-B954-AB51-9CDD-3BD620A23977}"
EndProject
Project("{FAE04EC0-301F-11D3-BF4B-00C04F79EFBC}") = "VuforiaEditorScripts", "VuforiaEditorScripts.csproj", "{55773334-C3AA-DAA0-7605-87E635993FEF}"
EndProject
Global
	GlobalSection(SolutionConfigurationPlatforms) = preSolution
		Debug|Any CPU = Debug|Any CPU
		Release|Any CPU = Release|Any CPU
	EndGlobalSection
	GlobalSection(ProjectConfigurationPlatforms) = postSolution
		{AC4FC679-B954-AB51-9CDD-3BD620A23977}.Debug|Any CPU.ActiveCfg = Debug|Any CPU
		{AC4FC679-B954-AB51-9CDD-3BD620A23977}.Debug|Any CPU.Build.0 = Debug|Any CPU
		{AC4FC679-B954-AB51-9CDD-3BD620A23977}.Release|Any CPU.ActiveCfg = Release|Any CPU
		{AC4FC679-B954-AB51-9CDD-3BD620A23977}.Release|Any CPU.Build.0 = Release|Any CPU
		{55773334-C3AA-DAA0-7605-87E635993FEF}.Debug|Any CPU.ActiveCfg = Debug|Any CPU
		{55773334-C3AA-DAA0-7605-87E635993FEF}.Debug|Any CPU.Build.0 = Debug|Any CPU
		{55773334-C3AA-DAA0-7605-87E635993FEF}.Release|Any CPU.ActiveCfg = Release|Any CPU
		{55773334-C3AA-DAA0-7605-87E635993FEF}.Release|Any CPU.Build.0 = Release|Any CPU
	EndGlobalSection
	GlobalSection(SolutionProperties) = preSolution
		HideSolutionNode = FALSE
	EndGlobalSection
EndGlobal
